
Microsoft Visual Studio Solution File, Format Version 12.00
# Visual Studio Version 16
VisualStudioVersion = 16.0.30621.155
MinimumVisualStudioVersion = 10.0.40219.1
Project("{FAE04EC0-301F-11D3-BF4B-00C04F79EFBC}") = "CourseLibrary.API", "CourseLibrary.API\CourseLibrary.API.csproj", "{61232596-28E5-41E7-88D8-A2B76B8D1945}"
EndProject
Global
	GlobalSection(SolutionConfigurationPlatforms) = preSolution
		Debug|Any CPU = Debug|Any CPU
		Release|Any CPU = Release|Any CPU
	EndGlobalSection
	GlobalSection(ProjectConfigurationPlatforms) = postSolution
		{61232596-28E5-41E7-88D8-A2B76B8D1945}.Debug|Any CPU.ActiveCfg = Debug|Any CPU
		{61232596-28E5-41E7-88D8-A2B76B8D1945}.Debug|Any CPU.Build.0 = Debug|Any CPU
		{61232596-28E5-41E7-88D8-A2B76B8D1945}.Release|Any CPU.ActiveCfg = Release|Any CPU
		{61232596-28E5-41E7-88D8-A2B76B8D1945}.Release|Any CPU.Build.0 = Release|Any CPU
	EndGlobalSection
	GlobalSection(SolutionProperties) = preSolution
		HideSolutionNode = FALSE
	EndGlobalSection
	GlobalSection(ExtensibilityGlobals) = postSolution
		SolutionGuid = {95030A32-F046-455D-B390-26A8FAC9FA9D}
	EndGlobalSection
EndGlobal
